
Microsoft Visual Studio Solution File, Format Version 12.00
# Visual Studio Version 16
VisualStudioVersion = 16.0.30503.244
MinimumVisualStudioVersion = 10.0.40219.1
Project("{FAE04EC0-301F-11D3-BF4B-00C04F79EFBC}") = "ex-2", "ex-2\ex-2.csproj", "{F781A99E-8AC7-408C-9680-006C1A8DA492}"
EndProject
Global
	GlobalSection(SolutionConfigurationPlatforms) = preSolution
		Debug|Any CPU = Debug|Any CPU
		Release|Any CPU = Release|Any CPU
	EndGlobalSection
	GlobalSection(ProjectConfigurationPlatforms) = postSolution
		{F781A99E-8AC7-408C-9680-006C1A8DA492}.Debug|Any CPU.ActiveCfg = Debug|Any CPU
		{F781A99E-8AC7-408C-9680-006C1A8DA492}.Debug|Any CPU.Build.0 = Debug|Any CPU
		{F781A99E-8AC7-408C-9680-006C1A8DA492}.Release|Any CPU.ActiveCfg = Release|Any CPU
		{F781A99E-8AC7-408C-9680-006C1A8DA492}.Release|Any CPU.Build.0 = Release|Any CPU
	EndGlobalSection
	GlobalSection(SolutionProperties) = preSolution
		HideSolutionNode = FALSE
	EndGlobalSection
	GlobalSection(ExtensibilityGlobals) = postSolution
		SolutionGuid = {727A3380-FFF2-4618-AF13-014B52730705}
	EndGlobalSection
EndGlobal
