
Microsoft Visual Studio Solution File, Format Version 12.00
# Visual Studio Version 16
VisualStudioVersion = 16.0.30611.23
MinimumVisualStudioVersion = 10.0.40219.1
Project("{FAE04EC0-301F-11D3-BF4B-00C04F79EFBC}") = "ExtraEx", "ExtraEx\ExtraEx.csproj", "{2C1B6B93-C4D9-4026-B2E7-8171F02B93B8}"
EndProject
Global
	GlobalSection(SolutionConfigurationPlatforms) = preSolution
		Debug|Any CPU = Debug|Any CPU
		Release|Any CPU = Release|Any CPU
	EndGlobalSection
	GlobalSection(ProjectConfigurationPlatforms) = postSolution
		{2C1B6B93-C4D9-4026-B2E7-8171F02B93B8}.Debug|Any CPU.ActiveCfg = Debug|Any CPU
		{2C1B6B93-C4D9-4026-B2E7-8171F02B93B8}.Debug|Any CPU.Build.0 = Debug|Any CPU
		{2C1B6B93-C4D9-4026-B2E7-8171F02B93B8}.Release|Any CPU.ActiveCfg = Release|Any CPU
		{2C1B6B93-C4D9-4026-B2E7-8171F02B93B8}.Release|Any CPU.Build.0 = Release|Any CPU
	EndGlobalSection
	GlobalSection(SolutionProperties) = preSolution
		HideSolutionNode = FALSE
	EndGlobalSection
	GlobalSection(ExtensibilityGlobals) = postSolution
		SolutionGuid = {2482862B-0D93-40CC-801B-9A8BC80DE174}
	EndGlobalSection
EndGlobal
