
Microsoft Visual Studio Solution File, Format Version 12.00
# Visual Studio Version 16
VisualStudioVersion = 16.0.29209.62
MinimumVisualStudioVersion = 10.0.40219.1
Project("{FAE04EC0-301F-11D3-BF4B-00C04F79EFBC}") = "ex-4", "ex-4\ex-4.csproj", "{CFDED15E-4BD0-446B-9E17-6B0137A6EE2C}"
EndProject
Global
	GlobalSection(SolutionConfigurationPlatforms) = preSolution
		Debug|Any CPU = Debug|Any CPU
		Release|Any CPU = Release|Any CPU
	EndGlobalSection
	GlobalSection(ProjectConfigurationPlatforms) = postSolution
		{CFDED15E-4BD0-446B-9E17-6B0137A6EE2C}.Debug|Any CPU.ActiveCfg = Debug|Any CPU
		{CFDED15E-4BD0-446B-9E17-6B0137A6EE2C}.Debug|Any CPU.Build.0 = Debug|Any CPU
		{CFDED15E-4BD0-446B-9E17-6B0137A6EE2C}.Release|Any CPU.ActiveCfg = Release|Any CPU
		{CFDED15E-4BD0-446B-9E17-6B0137A6EE2C}.Release|Any CPU.Build.0 = Release|Any CPU
	EndGlobalSection
	GlobalSection(SolutionProperties) = preSolution
		HideSolutionNode = FALSE
	EndGlobalSection
	GlobalSection(ExtensibilityGlobals) = postSolution
		SolutionGuid = {78F720BA-F386-4C6C-951A-7013A4F12C2D}
	EndGlobalSection
EndGlobal
