
Microsoft Visual Studio Solution File, Format Version 12.00
# Visual Studio Version 16
VisualStudioVersion = 16.0.29209.62
MinimumVisualStudioVersion = 10.0.40219.1
Project("{FAE04EC0-301F-11D3-BF4B-00C04F79EFBC}") = "Automaton", "Automaton\Automaton.csproj", "{4500042B-3DD4-4AEA-BE4C-93A114807080}"
EndProject
Global
	GlobalSection(SolutionConfigurationPlatforms) = preSolution
		Debug|Any CPU = Debug|Any CPU
		Release|Any CPU = Release|Any CPU
	EndGlobalSection
	GlobalSection(ProjectConfigurationPlatforms) = postSolution
		{4500042B-3DD4-4AEA-BE4C-93A114807080}.Debug|Any CPU.ActiveCfg = Debug|Any CPU
		{4500042B-3DD4-4AEA-BE4C-93A114807080}.Debug|Any CPU.Build.0 = Debug|Any CPU
		{4500042B-3DD4-4AEA-BE4C-93A114807080}.Release|Any CPU.ActiveCfg = Release|Any CPU
		{4500042B-3DD4-4AEA-BE4C-93A114807080}.Release|Any CPU.Build.0 = Release|Any CPU
	EndGlobalSection
	GlobalSection(SolutionProperties) = preSolution
		HideSolutionNode = FALSE
	EndGlobalSection
	GlobalSection(ExtensibilityGlobals) = postSolution
		SolutionGuid = {C14B4A63-2C57-464B-B5F1-E07CC4450FFE}
	EndGlobalSection
EndGlobal
