
Microsoft Visual Studio Solution File, Format Version 12.00
# Visual Studio Version 16
VisualStudioVersion = 16.0.30611.23
MinimumVisualStudioVersion = 10.0.40219.1
Project("{FAE04EC0-301F-11D3-BF4B-00C04F79EFBC}") = "Nodes3", "Nodes3\Nodes3.csproj", "{78208831-5581-41C7-849A-BC12BCE18DB6}"
EndProject
Global
	GlobalSection(SolutionConfigurationPlatforms) = preSolution
		Debug|Any CPU = Debug|Any CPU
		Release|Any CPU = Release|Any CPU
	EndGlobalSection
	GlobalSection(ProjectConfigurationPlatforms) = postSolution
		{78208831-5581-41C7-849A-BC12BCE18DB6}.Debug|Any CPU.ActiveCfg = Debug|Any CPU
		{78208831-5581-41C7-849A-BC12BCE18DB6}.Debug|Any CPU.Build.0 = Debug|Any CPU
		{78208831-5581-41C7-849A-BC12BCE18DB6}.Release|Any CPU.ActiveCfg = Release|Any CPU
		{78208831-5581-41C7-849A-BC12BCE18DB6}.Release|Any CPU.Build.0 = Release|Any CPU
	EndGlobalSection
	GlobalSection(SolutionProperties) = preSolution
		HideSolutionNode = FALSE
	EndGlobalSection
	GlobalSection(ExtensibilityGlobals) = postSolution
		SolutionGuid = {DA7E7A4B-B9E5-476F-8C5E-7470023E8C50}
	EndGlobalSection
EndGlobal
