
Microsoft Visual Studio Solution File, Format Version 12.00
# Visual Studio Version 16
VisualStudioVersion = 16.0.30503.244
MinimumVisualStudioVersion = 10.0.40219.1
Project("{FAE04EC0-301F-11D3-BF4B-00C04F79EFBC}") = "ex-3", "ex-3\ex-3.csproj", "{3B725D0C-B5EE-4F6F-BBF1-694E72321453}"
EndProject
Global
	GlobalSection(SolutionConfigurationPlatforms) = preSolution
		Debug|Any CPU = Debug|Any CPU
		Release|Any CPU = Release|Any CPU
	EndGlobalSection
	GlobalSection(ProjectConfigurationPlatforms) = postSolution
		{3B725D0C-B5EE-4F6F-BBF1-694E72321453}.Debug|Any CPU.ActiveCfg = Debug|Any CPU
		{3B725D0C-B5EE-4F6F-BBF1-694E72321453}.Debug|Any CPU.Build.0 = Debug|Any CPU
		{3B725D0C-B5EE-4F6F-BBF1-694E72321453}.Release|Any CPU.ActiveCfg = Release|Any CPU
		{3B725D0C-B5EE-4F6F-BBF1-694E72321453}.Release|Any CPU.Build.0 = Release|Any CPU
	EndGlobalSection
	GlobalSection(SolutionProperties) = preSolution
		HideSolutionNode = FALSE
	EndGlobalSection
	GlobalSection(ExtensibilityGlobals) = postSolution
		SolutionGuid = {53911AA0-CEA1-4F9C-A843-1E5A50A5D09B}
	EndGlobalSection
EndGlobal
