
Microsoft Visual Studio Solution File, Format Version 12.00
# Visual Studio Version 16
VisualStudioVersion = 16.0.30611.23
MinimumVisualStudioVersion = 10.0.40219.1
Project("{FAE04EC0-301F-11D3-BF4B-00C04F79EFBC}") = "AStar", "AStar\AStar.csproj", "{4F7771E9-04E4-4192-9CF2-07F0D0BB9497}"
EndProject
Global
	GlobalSection(SolutionConfigurationPlatforms) = preSolution
		Debug|Any CPU = Debug|Any CPU
		Release|Any CPU = Release|Any CPU
	EndGlobalSection
	GlobalSection(ProjectConfigurationPlatforms) = postSolution
		{4F7771E9-04E4-4192-9CF2-07F0D0BB9497}.Debug|Any CPU.ActiveCfg = Debug|Any CPU
		{4F7771E9-04E4-4192-9CF2-07F0D0BB9497}.Debug|Any CPU.Build.0 = Debug|Any CPU
		{4F7771E9-04E4-4192-9CF2-07F0D0BB9497}.Release|Any CPU.ActiveCfg = Release|Any CPU
		{4F7771E9-04E4-4192-9CF2-07F0D0BB9497}.Release|Any CPU.Build.0 = Release|Any CPU
	EndGlobalSection
	GlobalSection(SolutionProperties) = preSolution
		HideSolutionNode = FALSE
	EndGlobalSection
	GlobalSection(ExtensibilityGlobals) = postSolution
		SolutionGuid = {B96D4105-C6EF-4A8A-8F62-139983D0DEC7}
	EndGlobalSection
EndGlobal
