
Microsoft Visual Studio Solution File, Format Version 12.00
# Visual Studio Version 16
VisualStudioVersion = 16.0.29209.62
MinimumVisualStudioVersion = 10.0.40219.1
Project("{FAE04EC0-301F-11D3-BF4B-00C04F79EFBC}") = "BinNodeUtils", "BinNodeUtils\BinNodeUtils.csproj", "{688D7A21-E125-4A4A-AD67-6F6A1FF9A73A}"
EndProject
Global
	GlobalSection(SolutionConfigurationPlatforms) = preSolution
		Debug|Any CPU = Debug|Any CPU
		Release|Any CPU = Release|Any CPU
	EndGlobalSection
	GlobalSection(ProjectConfigurationPlatforms) = postSolution
		{688D7A21-E125-4A4A-AD67-6F6A1FF9A73A}.Debug|Any CPU.ActiveCfg = Debug|Any CPU
		{688D7A21-E125-4A4A-AD67-6F6A1FF9A73A}.Debug|Any CPU.Build.0 = Debug|Any CPU
		{688D7A21-E125-4A4A-AD67-6F6A1FF9A73A}.Release|Any CPU.ActiveCfg = Release|Any CPU
		{688D7A21-E125-4A4A-AD67-6F6A1FF9A73A}.Release|Any CPU.Build.0 = Release|Any CPU
	EndGlobalSection
	GlobalSection(SolutionProperties) = preSolution
		HideSolutionNode = FALSE
	EndGlobalSection
	GlobalSection(ExtensibilityGlobals) = postSolution
		SolutionGuid = {E9CF17D7-23AD-4A54-9598-D4EA2959C9D8}
	EndGlobalSection
EndGlobal
